
Microsoft Visual Studio Solution File, Format Version 12.00
# Visual Studio Version 17
VisualStudioVersion = 17.0.31919.166
MinimumVisualStudioVersion = 10.0.40219.1
Project("{9A19103F-16F7-4668-BE54-9A1E7A4F7556}") = "PlatformService", "PlatformService\PlatformService.csproj", "{D291D30C-E866-4BD5-80FA-1CF0F31D6DEB}"
EndProject
Global
	GlobalSection(SolutionConfigurationPlatforms) = preSolution
		Debug|Any CPU = Debug|Any CPU
		Release|Any CPU = Release|Any CPU
	EndGlobalSection
	GlobalSection(ProjectConfigurationPlatforms) = postSolution
		{D291D30C-E866-4BD5-80FA-1CF0F31D6DEB}.Debug|Any CPU.ActiveCfg = Debug|Any CPU
		{D291D30C-E866-4BD5-80FA-1CF0F31D6DEB}.Debug|Any CPU.Build.0 = Debug|Any CPU
		{D291D30C-E866-4BD5-80FA-1CF0F31D6DEB}.Release|Any CPU.ActiveCfg = Debug|Any CPU
		{D291D30C-E866-4BD5-80FA-1CF0F31D6DEB}.Release|Any CPU.Build.0 = Debug|Any CPU
	EndGlobalSection
	GlobalSection(SolutionProperties) = preSolution
		HideSolutionNode = FALSE
	EndGlobalSection
	GlobalSection(ExtensibilityGlobals) = postSolution
		SolutionGuid = {B78A6F41-7B65-467D-BF97-CC488E7743E0}
	EndGlobalSection
EndGlobal
